// !$*UTF8*$!
{
	archiveVersion = 1;
	classes = {
	};
	objectVersion = 46;
	objects = {

/* Begin PBXBuildFile section */
		A54803A718E9440500F00B67 /* MKAnnotationView+WebCache.m in Sources */ = {isa = PBXBuildFile; fileRef = A548038B18E9440500F00B67 /* MKAnnotationView+WebCache.m */; };
		A54803A818E9440500F00B67 /* NSData+ImageContentType.m in Sources */ = {isa = PBXBuildFile; fileRef = A548038D18E9440500F00B67 /* NSData+ImageContentType.m */; };
		A54803A918E9440500F00B67 /* SDImageCache.m in Sources */ = {isa = PBXBuildFile; fileRef = A548038F18E9440500F00B67 /* SDImageCache.m */; };
		A54803AA18E9440500F00B67 /* SDWebImageCompat.m in Sources */ = {isa = PBXBuildFile; fileRef = A548039118E9440500F00B67 /* SDWebImageCompat.m */; };
		A54803AB18E9440500F00B67 /* SDWebImageDecoder.m in Sources */ = {isa = PBXBuildFile; fileRef = A548039318E9440500F00B67 /* SDWebImageDecoder.m */; };
		A54803AC18E9440500F00B67 /* SDWebImageDownloader.m in Sources */ = {isa = PBXBuildFile; fileRef = A548039518E9440500F00B67 /* SDWebImageDownloader.m */; };
		A54803AD18E9440500F00B67 /* SDWebImageDownloaderOperation.m in Sources */ = {isa = PBXBuildFile; fileRef = A548039718E9440500F00B67 /* SDWebImageDownloaderOperation.m */; };
		A54803AE18E9440500F00B67 /* SDWebImageManager.m in Sources */ = {isa = PBXBuildFile; fileRef = A548039918E9440500F00B67 /* SDWebImageManager.m */; };
		A54803AF18E9440500F00B67 /* SDWebImagePrefetcher.m in Sources */ = {isa = PBXBuildFile; fileRef = A548039C18E9440500F00B67 /* SDWebImagePrefetcher.m */; };
		A54803B018E9440500F00B67 /* UIButton+WebCache.m in Sources */ = {isa = PBXBuildFile; fileRef = A548039E18E9440500F00B67 /* UIButton+WebCache.m */; };
		A54803B118E9440500F00B67 /* UIImage+GIF.m in Sources */ = {isa = PBXBuildFile; fileRef = A54803A018E9440500F00B67 /* UIImage+GIF.m */; };
		A54803B218E9440500F00B67 /* UIImage+MultiFormat.m in Sources */ = {isa = PBXBuildFile; fileRef = A54803A218E9440500F00B67 /* UIImage+MultiFormat.m */; };
		A54803B318E9440500F00B67 /* UIImage+WebP.m in Sources */ = {isa = PBXBuildFile; fileRef = A54803A418E9440500F00B67 /* UIImage+WebP.m */; };
		A54803B418E9440500F00B67 /* UIImageView+WebCache.m in Sources */ = {isa = PBXBuildFile; fileRef = A54803A618E9440500F00B67 /* UIImageView+WebCache.m */; };
		A57A31FE18E7CE27000AEA13 /* Foundation.framework in Frameworks */ = {isa = PBXBuildFile; fileRef = A57A31FD18E7CE27000AEA13 /* Foundation.framework */; };
		A57A320018E7CE27000AEA13 /* CoreGraphics.framework in Frameworks */ = {isa = PBXBuildFile; fileRef = A57A31FF18E7CE27000AEA13 /* CoreGraphics.framework */; };
		A57A320218E7CE27000AEA13 /* UIKit.framework in Frameworks */ = {isa = PBXBuildFile; fileRef = A57A320118E7CE27000AEA13 /* UIKit.framework */; };
		A57A320818E7CE27000AEA13 /* InfoPlist.strings in Resources */ = {isa = PBXBuildFile; fileRef = A57A320618E7CE27000AEA13 /* InfoPlist.strings */; };
		A57A320A18E7CE27000AEA13 /* main.m in Sources */ = {isa = PBXBuildFile; fileRef = A57A320918E7CE27000AEA13 /* main.m */; };
		A57A320E18E7CE27000AEA13 /* RRAppDelegate.m in Sources */ = {isa = PBXBuildFile; fileRef = A57A320D18E7CE27000AEA13 /* RRAppDelegate.m */; };
		A57A321118E7CE27000AEA13 /* Main.storyboard in Resources */ = {isa = PBXBuildFile; fileRef = A57A320F18E7CE27000AEA13 /* Main.storyboard */; };
		A57A321418E7CE27000AEA13 /* RRViewController.m in Sources */ = {isa = PBXBuildFile; fileRef = A57A321318E7CE27000AEA13 /* RRViewController.m */; };
		A57A321618E7CE27000AEA13 /* Images.xcassets in Resources */ = {isa = PBXBuildFile; fileRef = A57A321518E7CE27000AEA13 /* Images.xcassets */; };
		A57A321D18E7CE27000AEA13 /* XCTest.framework in Frameworks */ = {isa = PBXBuildFile; fileRef = A57A321C18E7CE27000AEA13 /* XCTest.framework */; };
		A57A321E18E7CE27000AEA13 /* Foundation.framework in Frameworks */ = {isa = PBXBuildFile; fileRef = A57A31FD18E7CE27000AEA13 /* Foundation.framework */; };
		A57A321F18E7CE28000AEA13 /* UIKit.framework in Frameworks */ = {isa = PBXBuildFile; fileRef = A57A320118E7CE27000AEA13 /* UIKit.framework */; };
		A57A322718E7CE28000AEA13 /* InfoPlist.strings in Resources */ = {isa = PBXBuildFile; fileRef = A57A322518E7CE28000AEA13 /* InfoPlist.strings */; };
		A57A322918E7CE28000AEA13 /* RocReportTests.m in Sources */ = {isa = PBXBuildFile; fileRef = A57A322818E7CE28000AEA13 /* RocReportTests.m */; };
		A57A323418E7F5DC000AEA13 /* RRMainTableViewController.m in Sources */ = {isa = PBXBuildFile; fileRef = A57A323318E7F5DC000AEA13 /* RRMainTableViewController.m */; };
		A57A323718E7F600000AEA13 /* RRIssueDetailViewController.m in Sources */ = {isa = PBXBuildFile; fileRef = A57A323618E7F600000AEA13 /* RRIssueDetailViewController.m */; };
		A57A323A18E7F658000AEA13 /* RRLoginViewController.m in Sources */ = {isa = PBXBuildFile; fileRef = A57A323918E7F658000AEA13 /* RRLoginViewController.m */; };
		A57A323D18E7F675000AEA13 /* RRAddIssueViewController.m in Sources */ = {isa = PBXBuildFile; fileRef = A57A323C18E7F675000AEA13 /* RRAddIssueViewController.m */; };
		A57A323F18E7F930000AEA13 /* button.png in Resources */ = {isa = PBXBuildFile; fileRef = A57A323E18E7F930000AEA13 /* button.png */; };
		A57A324418E941AA000AEA13 /* cellImageLoader.gif in Resources */ = {isa = PBXBuildFile; fileRef = A57A324318E941AA000AEA13 /* cellImageLoader.gif */; };
/* End PBXBuildFile section */

/* Begin PBXContainerItemProxy section */
		A57A322018E7CE28000AEA13 /* PBXContainerItemProxy */ = {
			isa = PBXContainerItemProxy;
			containerPortal = A57A31F218E7CE27000AEA13 /* Project object */;
			proxyType = 1;
			remoteGlobalIDString = A57A31F918E7CE27000AEA13;
			remoteInfo = RocReport;
		};
/* End PBXContainerItemProxy section */

/* Begin PBXFileReference section */
		A548038A18E9440500F00B67 /* MKAnnotationView+WebCache.h */ = {isa = PBXFileReference; fileEncoding = 4; lastKnownFileType = sourcecode.c.h; path = "MKAnnotationView+WebCache.h"; sourceTree = "<group>"; };
		A548038B18E9440500F00B67 /* MKAnnotationView+WebCache.m */ = {isa = PBXFileReference; fileEncoding = 4; lastKnownFileType = sourcecode.c.objc; path = "MKAnnotationView+WebCache.m"; sourceTree = "<group>"; };
		A548038C18E9440500F00B67 /* NSData+ImageContentType.h */ = {isa = PBXFileReference; fileEncoding = 4; lastKnownFileType = sourcecode.c.h; path = "NSData+ImageContentType.h"; sourceTree = "<group>"; };
		A548038D18E9440500F00B67 /* NSData+ImageContentType.m */ = {isa = PBXFileReference; fileEncoding = 4; lastKnownFileType = sourcecode.c.objc; path = "NSData+ImageContentType.m"; sourceTree = "<group>"; };
		A548038E18E9440500F00B67 /* SDImageCache.h */ = {isa = PBXFileReference; fileEncoding = 4; lastKnownFileType = sourcecode.c.h; path = SDImageCache.h; sourceTree = "<group>"; };
		A548038F18E9440500F00B67 /* SDImageCache.m */ = {isa = PBXFileReference; fileEncoding = 4; lastKnownFileType = sourcecode.c.objc; path = SDImageCache.m; sourceTree = "<group>"; };
		A548039018E9440500F00B67 /* SDWebImageCompat.h */ = {isa = PBXFileReference; fileEncoding = 4; lastKnownFileType = sourcecode.c.h; path = SDWebImageCompat.h; sourceTree = "<group>"; };
		A548039118E9440500F00B67 /* SDWebImageCompat.m */ = {isa = PBXFileReference; fileEncoding = 4; lastKnownFileType = sourcecode.c.objc; path = SDWebImageCompat.m; sourceTree = "<group>"; };
		A548039218E9440500F00B67 /* SDWebImageDecoder.h */ = {isa = PBXFileReference; fileEncoding = 4; lastKnownFileType = sourcecode.c.h; path = SDWebImageDecoder.h; sourceTree = "<group>"; };
		A548039318E9440500F00B67 /* SDWebImageDecoder.m */ = {isa = PBXFileReference; fileEncoding = 4; lastKnownFileType = sourcecode.c.objc; path = SDWebImageDecoder.m; sourceTree = "<group>"; };
		A548039418E9440500F00B67 /* SDWebImageDownloader.h */ = {isa = PBXFileReference; fileEncoding = 4; lastKnownFileType = sourcecode.c.h; path = SDWebImageDownloader.h; sourceTree = "<group>"; };
		A548039518E9440500F00B67 /* SDWebImageDownloader.m */ = {isa = PBXFileReference; fileEncoding = 4; lastKnownFileType = sourcecode.c.objc; path = SDWebImageDownloader.m; sourceTree = "<group>"; };
		A548039618E9440500F00B67 /* SDWebImageDownloaderOperation.h */ = {isa = PBXFileReference; fileEncoding = 4; lastKnownFileType = sourcecode.c.h; path = SDWebImageDownloaderOperation.h; sourceTree = "<group>"; };
		A548039718E9440500F00B67 /* SDWebImageDownloaderOperation.m */ = {isa = PBXFileReference; fileEncoding = 4; lastKnownFileType = sourcecode.c.objc; path = SDWebImageDownloaderOperation.m; sourceTree = "<group>"; };
		A548039818E9440500F00B67 /* SDWebImageManager.h */ = {isa = PBXFileReference; fileEncoding = 4; lastKnownFileType = sourcecode.c.h; path = SDWebImageManager.h; sourceTree = "<group>"; };
		A548039918E9440500F00B67 /* SDWebImageManager.m */ = {isa = PBXFileReference; fileEncoding = 4; lastKnownFileType = sourcecode.c.objc; path = SDWebImageManager.m; sourceTree = "<group>"; };
		A548039A18E9440500F00B67 /* SDWebImageOperation.h */ = {isa = PBXFileReference; fileEncoding = 4; lastKnownFileType = sourcecode.c.h; path = SDWebImageOperation.h; sourceTree = "<group>"; };
		A548039B18E9440500F00B67 /* SDWebImagePrefetcher.h */ = {isa = PBXFileReference; fileEncoding = 4; lastKnownFileType = sourcecode.c.h; path = SDWebImagePrefetcher.h; sourceTree = "<group>"; };
		A548039C18E9440500F00B67 /* SDWebImagePrefetcher.m */ = {isa = PBXFileReference; fileEncoding = 4; lastKnownFileType = sourcecode.c.objc; path = SDWebImagePrefetcher.m; sourceTree = "<group>"; };
		A548039D18E9440500F00B67 /* UIButton+WebCache.h */ = {isa = PBXFileReference; fileEncoding = 4; lastKnownFileType = sourcecode.c.h; path = "UIButton+WebCache.h"; sourceTree = "<group>"; };
		A548039E18E9440500F00B67 /* UIButton+WebCache.m */ = {isa = PBXFileReference; fileEncoding = 4; lastKnownFileType = sourcecode.c.objc; path = "UIButton+WebCache.m"; sourceTree = "<group>"; };
		A548039F18E9440500F00B67 /* UIImage+GIF.h */ = {isa = PBXFileReference; fileEncoding = 4; lastKnownFileType = sourcecode.c.h; path = "UIImage+GIF.h"; sourceTree = "<group>"; };
		A54803A018E9440500F00B67 /* UIImage+GIF.m */ = {isa = PBXFileReference; fileEncoding = 4; lastKnownFileType = sourcecode.c.objc; path = "UIImage+GIF.m"; sourceTree = "<group>"; };
		A54803A118E9440500F00B67 /* UIImage+MultiFormat.h */ = {isa = PBXFileReference; fileEncoding = 4; lastKnownFileType = sourcecode.c.h; path = "UIImage+MultiFormat.h"; sourceTree = "<group>"; };
		A54803A218E9440500F00B67 /* UIImage+MultiFormat.m */ = {isa = PBXFileReference; fileEncoding = 4; lastKnownFileType = sourcecode.c.objc; path = "UIImage+MultiFormat.m"; sourceTree = "<group>"; };
		A54803A318E9440500F00B67 /* UIImage+WebP.h */ = {isa = PBXFileReference; fileEncoding = 4; lastKnownFileType = sourcecode.c.h; path = "UIImage+WebP.h"; sourceTree = "<group>"; };
		A54803A418E9440500F00B67 /* UIImage+WebP.m */ = {isa = PBXFileReference; fileEncoding = 4; lastKnownFileType = sourcecode.c.objc; path = "UIImage+WebP.m"; sourceTree = "<group>"; };
		A54803A518E9440500F00B67 /* UIImageView+WebCache.h */ = {isa = PBXFileReference; fileEncoding = 4; lastKnownFileType = sourcecode.c.h; path = "UIImageView+WebCache.h"; sourceTree = "<group>"; };
		A54803A618E9440500F00B67 /* UIImageView+WebCache.m */ = {isa = PBXFileReference; fileEncoding = 4; lastKnownFileType = sourcecode.c.objc; path = "UIImageView+WebCache.m"; sourceTree = "<group>"; };
		A567D75D18ECD4500018E6BF /* RRApiCreds.h */ = {isa = PBXFileReference; fileEncoding = 4; lastKnownFileType = sourcecode.c.h; path = RRApiCreds.h; sourceTree = "<group>"; };
		A57A31FA18E7CE27000AEA13 /* RocReport.app */ = {isa = PBXFileReference; explicitFileType = wrapper.application; includeInIndex = 0; path = RocReport.app; sourceTree = BUILT_PRODUCTS_DIR; };
		A57A31FD18E7CE27000AEA13 /* Foundation.framework */ = {isa = PBXFileReference; lastKnownFileType = wrapper.framework; name = Foundation.framework; path = System/Library/Frameworks/Foundation.framework; sourceTree = SDKROOT; };
		A57A31FF18E7CE27000AEA13 /* CoreGraphics.framework */ = {isa = PBXFileReference; lastKnownFileType = wrapper.framework; name = CoreGraphics.framework; path = System/Library/Frameworks/CoreGraphics.framework; sourceTree = SDKROOT; };
		A57A320118E7CE27000AEA13 /* UIKit.framework */ = {isa = PBXFileReference; lastKnownFileType = wrapper.framework; name = UIKit.framework; path = System/Library/Frameworks/UIKit.framework; sourceTree = SDKROOT; };
		A57A320518E7CE27000AEA13 /* RocReport-Info.plist */ = {isa = PBXFileReference; lastKnownFileType = text.plist.xml; path = "RocReport-Info.plist"; sourceTree = "<group>"; };
		A57A320718E7CE27000AEA13 /* en */ = {isa = PBXFileReference; lastKnownFileType = text.plist.strings; name = en; path = en.lproj/InfoPlist.strings; sourceTree = "<group>"; };
		A57A320918E7CE27000AEA13 /* main.m */ = {isa = PBXFileReference; lastKnownFileType = sourcecode.c.objc; path = main.m; sourceTree = "<group>"; };
		A57A320B18E7CE27000AEA13 /* RocReport-Prefix.pch */ = {isa = PBXFileReference; lastKnownFileType = sourcecode.c.h; path = "RocReport-Prefix.pch"; sourceTree = "<group>"; };
		A57A320C18E7CE27000AEA13 /* RRAppDelegate.h */ = {isa = PBXFileReference; lastKnownFileType = sourcecode.c.h; path = RRAppDelegate.h; sourceTree = "<group>"; };
		A57A320D18E7CE27000AEA13 /* RRAppDelegate.m */ = {isa = PBXFileReference; lastKnownFileType = sourcecode.c.objc; path = RRAppDelegate.m; sourceTree = "<group>"; };
		A57A321018E7CE27000AEA13 /* Base */ = {isa = PBXFileReference; lastKnownFileType = file.storyboard; name = Base; path = Base.lproj/Main.storyboard; sourceTree = "<group>"; };
		A57A321218E7CE27000AEA13 /* RRViewController.h */ = {isa = PBXFileReference; lastKnownFileType = sourcecode.c.h; path = RRViewController.h; sourceTree = "<group>"; };
		A57A321318E7CE27000AEA13 /* RRViewController.m */ = {isa = PBXFileReference; lastKnownFileType = sourcecode.c.objc; path = RRViewController.m; sourceTree = "<group>"; };
		A57A321518E7CE27000AEA13 /* Images.xcassets */ = {isa = PBXFileReference; lastKnownFileType = folder.assetcatalog; path = Images.xcassets; sourceTree = "<group>"; };
		A57A321B18E7CE27000AEA13 /* RocReportTests.xctest */ = {isa = PBXFileReference; explicitFileType = wrapper.cfbundle; includeInIndex = 0; path = RocReportTests.xctest; sourceTree = BUILT_PRODUCTS_DIR; };
		A57A321C18E7CE27000AEA13 /* XCTest.framework */ = {isa = PBXFileReference; lastKnownFileType = wrapper.framework; name = XCTest.framework; path = Library/Frameworks/XCTest.framework; sourceTree = DEVELOPER_DIR; };
		A57A322418E7CE28000AEA13 /* RocReportTests-Info.plist */ = {isa = PBXFileReference; lastKnownFileType = text.plist.xml; path = "RocReportTests-Info.plist"; sourceTree = "<group>"; };
		A57A322618E7CE28000AEA13 /* en */ = {isa = PBXFileReference; lastKnownFileType = text.plist.strings; name = en; path = en.lproj/InfoPlist.strings; sourceTree = "<group>"; };
		A57A322818E7CE28000AEA13 /* RocReportTests.m */ = {isa = PBXFileReference; lastKnownFileType = sourcecode.c.objc; path = RocReportTests.m; sourceTree = "<group>"; };
		A57A323218E7F5DC000AEA13 /* RRMainTableViewController.h */ = {isa = PBXFileReference; fileEncoding = 4; lastKnownFileType = sourcecode.c.h; path = RRMainTableViewController.h; sourceTree = "<group>"; };
		A57A323318E7F5DC000AEA13 /* RRMainTableViewController.m */ = {isa = PBXFileReference; fileEncoding = 4; lastKnownFileType = sourcecode.c.objc; path = RRMainTableViewController.m; sourceTree = "<group>"; };
		A57A323518E7F600000AEA13 /* RRIssueDetailViewController.h */ = {isa = PBXFileReference; fileEncoding = 4; lastKnownFileType = sourcecode.c.h; path = RRIssueDetailViewController.h; sourceTree = "<group>"; };
		A57A323618E7F600000AEA13 /* RRIssueDetailViewController.m */ = {isa = PBXFileReference; fileEncoding = 4; lastKnownFileType = sourcecode.c.objc; path = RRIssueDetailViewController.m; sourceTree = "<group>"; };
		A57A323818E7F658000AEA13 /* RRLoginViewController.h */ = {isa = PBXFileReference; fileEncoding = 4; lastKnownFileType = sourcecode.c.h; path = RRLoginViewController.h; sourceTree = "<group>"; };
		A57A323918E7F658000AEA13 /* RRLoginViewController.m */ = {isa = PBXFileReference; fileEncoding = 4; lastKnownFileType = sourcecode.c.objc; path = RRLoginViewController.m; sourceTree = "<group>"; };
		A57A323B18E7F675000AEA13 /* RRAddIssueViewController.h */ = {isa = PBXFileReference; fileEncoding = 4; lastKnownFileType = sourcecode.c.h; path = RRAddIssueViewController.h; sourceTree = "<group>"; };
		A57A323C18E7F675000AEA13 /* RRAddIssueViewController.m */ = {isa = PBXFileReference; fileEncoding = 4; lastKnownFileType = sourcecode.c.objc; path = RRAddIssueViewController.m; sourceTree = "<group>"; };
		A57A323E18E7F930000AEA13 /* button.png */ = {isa = PBXFileReference; lastKnownFileType = image.png; path = button.png; sourceTree = "<group>"; };
		A57A324318E941AA000AEA13 /* cellImageLoader.gif */ = {isa = PBXFileReference; lastKnownFileType = image.gif; path = cellImageLoader.gif; sourceTree = "<group>"; };
/* End PBXFileReference section */

/* Begin PBXFrameworksBuildPhase section */
		A57A31F718E7CE27000AEA13 /* Frameworks */ = {
			isa = PBXFrameworksBuildPhase;
			buildActionMask = 2147483647;
			files = (
				A57A320018E7CE27000AEA13 /* CoreGraphics.framework in Frameworks */,
				A57A320218E7CE27000AEA13 /* UIKit.framework in Frameworks */,
				A57A31FE18E7CE27000AEA13 /* Foundation.framework in Frameworks */,
			);
			runOnlyForDeploymentPostprocessing = 0;
		};
		A57A321818E7CE27000AEA13 /* Frameworks */ = {
			isa = PBXFrameworksBuildPhase;
			buildActionMask = 2147483647;
			files = (
				A57A321D18E7CE27000AEA13 /* XCTest.framework in Frameworks */,
				A57A321F18E7CE28000AEA13 /* UIKit.framework in Frameworks */,
				A57A321E18E7CE27000AEA13 /* Foundation.framework in Frameworks */,
			);
			runOnlyForDeploymentPostprocessing = 0;
		};
/* End PBXFrameworksBuildPhase section */

/* Begin PBXGroup section */
		A54803B518E9455C00F00B67 /* SDWebImage */ = {
			isa = PBXGroup;
			children = (
				A548038A18E9440500F00B67 /* MKAnnotationView+WebCache.h */,
				A548038B18E9440500F00B67 /* MKAnnotationView+WebCache.m */,
				A548038C18E9440500F00B67 /* NSData+ImageContentType.h */,
				A548038D18E9440500F00B67 /* NSData+ImageContentType.m */,
				A548038E18E9440500F00B67 /* SDImageCache.h */,
				A548038F18E9440500F00B67 /* SDImageCache.m */,
				A548039018E9440500F00B67 /* SDWebImageCompat.h */,
				A548039118E9440500F00B67 /* SDWebImageCompat.m */,
				A548039218E9440500F00B67 /* SDWebImageDecoder.h */,
				A548039318E9440500F00B67 /* SDWebImageDecoder.m */,
				A548039418E9440500F00B67 /* SDWebImageDownloader.h */,
				A548039518E9440500F00B67 /* SDWebImageDownloader.m */,
				A548039618E9440500F00B67 /* SDWebImageDownloaderOperation.h */,
				A548039718E9440500F00B67 /* SDWebImageDownloaderOperation.m */,
				A548039818E9440500F00B67 /* SDWebImageManager.h */,
				A548039918E9440500F00B67 /* SDWebImageManager.m */,
				A548039A18E9440500F00B67 /* SDWebImageOperation.h */,
				A548039B18E9440500F00B67 /* SDWebImagePrefetcher.h */,
				A548039C18E9440500F00B67 /* SDWebImagePrefetcher.m */,
				A548039D18E9440500F00B67 /* UIButton+WebCache.h */,
				A548039E18E9440500F00B67 /* UIButton+WebCache.m */,
				A548039F18E9440500F00B67 /* UIImage+GIF.h */,
				A54803A018E9440500F00B67 /* UIImage+GIF.m */,
				A54803A118E9440500F00B67 /* UIImage+MultiFormat.h */,
				A54803A218E9440500F00B67 /* UIImage+MultiFormat.m */,
				A54803A318E9440500F00B67 /* UIImage+WebP.h */,
				A54803A418E9440500F00B67 /* UIImage+WebP.m */,
				A54803A518E9440500F00B67 /* UIImageView+WebCache.h */,
				A54803A618E9440500F00B67 /* UIImageView+WebCache.m */,
			);
			name = SDWebImage;
			sourceTree = "<group>";
		};
		A57A31F118E7CE27000AEA13 = {
			isa = PBXGroup;
			children = (
				A57A320318E7CE27000AEA13 /* RocReport */,
				A57A322218E7CE28000AEA13 /* RocReportTests */,
				A57A31FC18E7CE27000AEA13 /* Frameworks */,
				A57A31FB18E7CE27000AEA13 /* Products */,
			);
			sourceTree = "<group>";
		};
		A57A31FB18E7CE27000AEA13 /* Products */ = {
			isa = PBXGroup;
			children = (
				A57A31FA18E7CE27000AEA13 /* RocReport.app */,
				A57A321B18E7CE27000AEA13 /* RocReportTests.xctest */,
			);
			name = Products;
			sourceTree = "<group>";
		};
		A57A31FC18E7CE27000AEA13 /* Frameworks */ = {
			isa = PBXGroup;
			children = (
				A57A31FD18E7CE27000AEA13 /* Foundation.framework */,
				A57A31FF18E7CE27000AEA13 /* CoreGraphics.framework */,
				A57A320118E7CE27000AEA13 /* UIKit.framework */,
				A57A321C18E7CE27000AEA13 /* XCTest.framework */,
			);
			name = Frameworks;
			sourceTree = "<group>";
		};
		A57A320318E7CE27000AEA13 /* RocReport */ = {
			isa = PBXGroup;
			children = (
				A54803B518E9455C00F00B67 /* SDWebImage */,
				A57A320C18E7CE27000AEA13 /* RRAppDelegate.h */,
				A57A320D18E7CE27000AEA13 /* RRAppDelegate.m */,
				A57A320F18E7CE27000AEA13 /* Main.storyboard */,
				A57A323B18E7F675000AEA13 /* RRAddIssueViewController.h */,
				A57A323C18E7F675000AEA13 /* RRAddIssueViewController.m */,
				A57A323818E7F658000AEA13 /* RRLoginViewController.h */,
				A57A323918E7F658000AEA13 /* RRLoginViewController.m */,
				A57A323518E7F600000AEA13 /* RRIssueDetailViewController.h */,
				A57A323618E7F600000AEA13 /* RRIssueDetailViewController.m */,
				A57A323218E7F5DC000AEA13 /* RRMainTableViewController.h */,
				A567D75D18ECD4500018E6BF /* RRApiCreds.h */,
				A57A323318E7F5DC000AEA13 /* RRMainTableViewController.m */,
				A57A321218E7CE27000AEA13 /* RRViewController.h */,
				A57A321318E7CE27000AEA13 /* RRViewController.m */,
				A57A324318E941AA000AEA13 /* cellImageLoader.gif */,
				A57A323E18E7F930000AEA13 /* button.png */,
				A57A321518E7CE27000AEA13 /* Images.xcassets */,
				A57A320418E7CE27000AEA13 /* Supporting Files */,
			);
			path = RocReport;
			sourceTree = "<group>";
		};
		A57A320418E7CE27000AEA13 /* Supporting Files */ = {
			isa = PBXGroup;
			children = (
				A57A320518E7CE27000AEA13 /* RocReport-Info.plist */,
				A57A320618E7CE27000AEA13 /* InfoPlist.strings */,
				A57A320918E7CE27000AEA13 /* main.m */,
				A57A320B18E7CE27000AEA13 /* RocReport-Prefix.pch */,
			);
			name = "Supporting Files";
			sourceTree = "<group>";
		};
		A57A322218E7CE28000AEA13 /* RocReportTests */ = {
			isa = PBXGroup;
			children = (
				A57A322818E7CE28000AEA13 /* RocReportTests.m */,
				A57A322318E7CE28000AEA13 /* Supporting Files */,
			);
			path = RocReportTests;
			sourceTree = "<group>";
		};
		A57A322318E7CE28000AEA13 /* Supporting Files */ = {
			isa = PBXGroup;
			children = (
				A57A322418E7CE28000AEA13 /* RocReportTests-Info.plist */,
				A57A322518E7CE28000AEA13 /* InfoPlist.strings */,
			);
			name = "Supporting Files";
			sourceTree = "<group>";
		};
/* End PBXGroup section */

/* Begin PBXNativeTarget section */
		A57A31F918E7CE27000AEA13 /* RocReport */ = {
			isa = PBXNativeTarget;
			buildConfigurationList = A57A322C18E7CE28000AEA13 /* Build configuration list for PBXNativeTarget "RocReport" */;
			buildPhases = (
				A57A31F618E7CE27000AEA13 /* Sources */,
				A57A31F718E7CE27000AEA13 /* Frameworks */,
				A57A31F818E7CE27000AEA13 /* Resources */,
			);
			buildRules = (
			);
			dependencies = (
			);
			name = RocReport;
			productName = RocReport;
			productReference = A57A31FA18E7CE27000AEA13 /* RocReport.app */;
			productType = "com.apple.product-type.application";
		};
		A57A321A18E7CE27000AEA13 /* RocReportTests */ = {
			isa = PBXNativeTarget;
			buildConfigurationList = A57A322F18E7CE28000AEA13 /* Build configuration list for PBXNativeTarget "RocReportTests" */;
			buildPhases = (
				A57A321718E7CE27000AEA13 /* Sources */,
				A57A321818E7CE27000AEA13 /* Frameworks */,
				A57A321918E7CE27000AEA13 /* Resources */,
			);
			buildRules = (
			);
			dependencies = (
				A57A322118E7CE28000AEA13 /* PBXTargetDependency */,
			);
			name = RocReportTests;
			productName = RocReportTests;
			productReference = A57A321B18E7CE27000AEA13 /* RocReportTests.xctest */;
			productType = "com.apple.product-type.bundle.unit-test";
		};
/* End PBXNativeTarget section */

/* Begin PBXProject section */
		A57A31F218E7CE27000AEA13 /* Project object */ = {
			isa = PBXProject;
			attributes = {
				CLASSPREFIX = RR;
				LastUpgradeCheck = 0510;
				ORGANIZATIONNAME = "___DM___";
				TargetAttributes = {
					A57A321A18E7CE27000AEA13 = {
						TestTargetID = A57A31F918E7CE27000AEA13;
					};
				};
			};
			buildConfigurationList = A57A31F518E7CE27000AEA13 /* Build configuration list for PBXProject "RocReport" */;
			compatibilityVersion = "Xcode 3.2";
			developmentRegion = English;
			hasScannedForEncodings = 0;
			knownRegions = (
				en,
				Base,
			);
			mainGroup = A57A31F118E7CE27000AEA13;
			productRefGroup = A57A31FB18E7CE27000AEA13 /* Products */;
			projectDirPath = "";
			projectRoot = "";
			targets = (
				A57A31F918E7CE27000AEA13 /* RocReport */,
				A57A321A18E7CE27000AEA13 /* RocReportTests */,
			);
		};
/* End PBXProject section */

/* Begin PBXResourcesBuildPhase section */
		A57A31F818E7CE27000AEA13 /* Resources */ = {
			isa = PBXResourcesBuildPhase;
			buildActionMask = 2147483647;
			files = (
				A57A324418E941AA000AEA13 /* cellImageLoader.gif in Resources */,
				A57A321618E7CE27000AEA13 /* Images.xcassets in Resources */,
				A57A323F18E7F930000AEA13 /* button.png in Resources */,
				A57A320818E7CE27000AEA13 /* InfoPlist.strings in Resources */,
				A57A321118E7CE27000AEA13 /* Main.storyboard in Resources */,
			);
			runOnlyForDeploymentPostprocessing = 0;
		};
		A57A321918E7CE27000AEA13 /* Resources */ = {
			isa = PBXResourcesBuildPhase;
			buildActionMask = 2147483647;
			files = (
				A57A322718E7CE28000AEA13 /* InfoPlist.strings in Resources */,
			);
			runOnlyForDeploymentPostprocessing = 0;
		};
/* End PBXResourcesBuildPhase section */

/* Begin PBXSourcesBuildPhase section */
		A57A31F618E7CE27000AEA13 /* Sources */ = {
			isa = PBXSourcesBuildPhase;
			buildActionMask = 2147483647;
			files = (
				A54803B118E9440500F00B67 /* UIImage+GIF.m in Sources */,
				A54803AA18E9440500F00B67 /* SDWebImageCompat.m in Sources */,
				A54803B018E9440500F00B67 /* UIButton+WebCache.m in Sources */,
				A54803B218E9440500F00B67 /* UIImage+MultiFormat.m in Sources */,
				A54803AF18E9440500F00B67 /* SDWebImagePrefetcher.m in Sources */,
				A57A320E18E7CE27000AEA13 /* RRAppDelegate.m in Sources */,
				A54803A718E9440500F00B67 /* MKAnnotationView+WebCache.m in Sources */,
				A54803B318E9440500F00B67 /* UIImage+WebP.m in Sources */,
				A57A323718E7F600000AEA13 /* RRIssueDetailViewController.m in Sources */,
				A54803AD18E9440500F00B67 /* SDWebImageDownloaderOperation.m in Sources */,
				A54803AB18E9440500F00B67 /* SDWebImageDecoder.m in Sources */,
				A54803B418E9440500F00B67 /* UIImageView+WebCache.m in Sources */,
				A57A320A18E7CE27000AEA13 /* main.m in Sources */,
				A54803A818E9440500F00B67 /* NSData+ImageContentType.m in Sources */,
				A54803AC18E9440500F00B67 /* SDWebImageDownloader.m in Sources */,
				A57A323418E7F5DC000AEA13 /* RRMainTableViewController.m in Sources */,
				A57A323A18E7F658000AEA13 /* RRLoginViewController.m in Sources */,
				A57A323D18E7F675000AEA13 /* RRAddIssueViewController.m in Sources */,
				A54803AE18E9440500F00B67 /* SDWebImageManager.m in Sources */,
				A57A321418E7CE27000AEA13 /* RRViewController.m in Sources */,
				A54803A918E9440500F00B67 /* SDImageCache.m in Sources */,
			);
			runOnlyForDeploymentPostprocessing = 0;
		};
		A57A321718E7CE27000AEA13 /* Sources */ = {
			isa = PBXSourcesBuildPhase;
			buildActionMask = 2147483647;
			files = (
				A57A322918E7CE28000AEA13 /* RocReportTests.m in Sources */,
			);
			runOnlyForDeploymentPostprocessing = 0;
		};
/* End PBXSourcesBuildPhase section */

/* Begin PBXTargetDependency section */
		A57A322118E7CE28000AEA13 /* PBXTargetDependency */ = {
			isa = PBXTargetDependency;
			target = A57A31F918E7CE27000AEA13 /* RocReport */;
			targetProxy = A57A322018E7CE28000AEA13 /* PBXContainerItemProxy */;
		};
/* End PBXTargetDependency section */

/* Begin PBXVariantGroup section */
		A57A320618E7CE27000AEA13 /* InfoPlist.strings */ = {
			isa = PBXVariantGroup;
			children = (
				A57A320718E7CE27000AEA13 /* en */,
			);
			name = InfoPlist.strings;
			sourceTree = "<group>";
		};
		A57A320F18E7CE27000AEA13 /* Main.storyboard */ = {
			isa = PBXVariantGroup;
			children = (
				A57A321018E7CE27000AEA13 /* Base */,
			);
			name = Main.storyboard;
			sourceTree = "<group>";
		};
		A57A322518E7CE28000AEA13 /* InfoPlist.strings */ = {
			isa = PBXVariantGroup;
			children = (
				A57A322618E7CE28000AEA13 /* en */,
			);
			name = InfoPlist.strings;
			sourceTree = "<group>";
		};
/* End PBXVariantGroup section */

/* Begin XCBuildConfiguration section */
		A57A322A18E7CE28000AEA13 /* Debug */ = {
			isa = XCBuildConfiguration;
			buildSettings = {
				ALWAYS_SEARCH_USER_PATHS = NO;
				CLANG_CXX_LANGUAGE_STANDARD = "gnu++0x";
				CLANG_CXX_LIBRARY = "libc++";
				CLANG_ENABLE_MODULES = YES;
				CLANG_ENABLE_OBJC_ARC = YES;
				CLANG_WARN_BOOL_CONVERSION = YES;
				CLANG_WARN_CONSTANT_CONVERSION = YES;
				CLANG_WARN_DIRECT_OBJC_ISA_USAGE = YES_ERROR;
				CLANG_WARN_EMPTY_BODY = YES;
				CLANG_WARN_ENUM_CONVERSION = YES;
				CLANG_WARN_INT_CONVERSION = YES;
				CLANG_WARN_OBJC_ROOT_CLASS = YES_ERROR;
				CLANG_WARN__DUPLICATE_METHOD_MATCH = YES;
				"CODE_SIGN_IDENTITY[sdk=iphoneos*]" = "iPhone Developer";
				COPY_PHASE_STRIP = NO;
				GCC_C_LANGUAGE_STANDARD = gnu99;
				GCC_DYNAMIC_NO_PIC = NO;
				GCC_OPTIMIZATION_LEVEL = 0;
				GCC_PREPROCESSOR_DEFINITIONS = (
					"DEBUG=1",
					"$(inherited)",
				);
				GCC_SYMBOLS_PRIVATE_EXTERN = NO;
				GCC_WARN_64_TO_32_BIT_CONVERSION = YES;
				GCC_WARN_ABOUT_RETURN_TYPE = YES_ERROR;
				GCC_WARN_UNDECLARED_SELECTOR = YES;
				GCC_WARN_UNINITIALIZED_AUTOS = YES_AGGRESSIVE;
				GCC_WARN_UNUSED_FUNCTION = YES;
				GCC_WARN_UNUSED_VARIABLE = YES;
				IPHONEOS_DEPLOYMENT_TARGET = 7.1;
				ONLY_ACTIVE_ARCH = YES;
				SDKROOT = iphoneos;
			};
			name = Debug;
		};
		A57A322B18E7CE28000AEA13 /* Release */ = {
			isa = XCBuildConfiguration;
			buildSettings = {
				ALWAYS_SEARCH_USER_PATHS = NO;
				CLANG_CXX_LANGUAGE_STANDARD = "gnu++0x";
				CLANG_CXX_LIBRARY = "libc++";
				CLANG_ENABLE_MODULES = YES;
				CLANG_ENABLE_OBJC_ARC = YES;
				CLANG_WARN_BOOL_CONVERSION = YES;
				CLANG_WARN_CONSTANT_CONVERSION = YES;
				CLANG_WARN_DIRECT_OBJC_ISA_USAGE = YES_ERROR;
				CLANG_WARN_EMPTY_BODY = YES;
				CLANG_WARN_ENUM_CONVERSION = YES;
				CLANG_WARN_INT_CONVERSION = YES;
				CLANG_WARN_OBJC_ROOT_CLASS = YES_ERROR;
				CLANG_WARN__DUPLICATE_METHOD_MATCH = YES;
				"CODE_SIGN_IDENTITY[sdk=iphoneos*]" = "iPhone Developer";
				COPY_PHASE_STRIP = YES;
				ENABLE_NS_ASSERTIONS = NO;
				GCC_C_LANGUAGE_STANDARD = gnu99;
				GCC_WARN_64_TO_32_BIT_CONVERSION = YES;
				GCC_WARN_ABOUT_RETURN_TYPE = YES_ERROR;
				GCC_WARN_UNDECLARED_SELECTOR = YES;
				GCC_WARN_UNINITIALIZED_AUTOS = YES_AGGRESSIVE;
				GCC_WARN_UNUSED_FUNCTION = YES;
				GCC_WARN_UNUSED_VARIABLE = YES;
				IPHONEOS_DEPLOYMENT_TARGET = 7.1;
				SDKROOT = iphoneos;
				VALIDATE_PRODUCT = YES;
			};
			name = Release;
		};
		A57A322D18E7CE28000AEA13 /* Debug */ = {
			isa = XCBuildConfiguration;
			buildSettings = {
				ASSETCATALOG_COMPILER_APPICON_NAME = AppIcon;
				ASSETCATALOG_COMPILER_LAUNCHIMAGE_NAME = LaunchImage;
				GCC_PRECOMPILE_PREFIX_HEADER = YES;
				GCC_PREFIX_HEADER = "RocReport/RocReport-Prefix.pch";
				INFOPLIST_FILE = "RocReport/RocReport-Info.plist";
				IPHONEOS_DEPLOYMENT_TARGET = 7.0;
				PRODUCT_NAME = "$(TARGET_NAME)";
				WRAPPER_EXTENSION = app;
			};
			name = Debug;
		};
		A57A322E18E7CE28000AEA13 /* Release */ = {
			isa = XCBuildConfiguration;
			buildSettings = {
				ASSETCATALOG_COMPILER_APPICON_NAME = AppIcon;
				ASSETCATALOG_COMPILER_LAUNCHIMAGE_NAME = LaunchImage;
				GCC_PRECOMPILE_PREFIX_HEADER = YES;
				GCC_PREFIX_HEADER = "RocReport/RocReport-Prefix.pch";
				INFOPLIST_FILE = "RocReport/RocReport-Info.plist";
				IPHONEOS_DEPLOYMENT_TARGET = 7.0;
				PRODUCT_NAME = "$(TARGET_NAME)";
				WRAPPER_EXTENSION = app;
			};
			name = Release;
		};
		A57A323018E7CE28000AEA13 /* Debug */ = {
			isa = XCBuildConfiguration;
			buildSettings = {
				BUNDLE_LOADER = "$(BUILT_PRODUCTS_DIR)/RocReport.app/RocReport";
				FRAMEWORK_SEARCH_PATHS = (
					"$(SDKROOT)/Developer/Library/Frameworks",
					"$(inherited)",
					"$(DEVELOPER_FRAMEWORKS_DIR)",
				);
				GCC_PRECOMPILE_PREFIX_HEADER = YES;
				GCC_PREFIX_HEADER = "RocReport/RocReport-Prefix.pch";
				GCC_PREPROCESSOR_DEFINITIONS = (
					"DEBUG=1",
					"$(inherited)",
				);
				INFOPLIST_FILE = "RocReportTests/RocReportTests-Info.plist";
				PRODUCT_NAME = "$(TARGET_NAME)";
				TEST_HOST = "$(BUNDLE_LOADER)";
				WRAPPER_EXTENSION = xctest;
			};
			name = Debug;
		};
		A57A323118E7CE28000AEA13 /* Release */ = {
			isa = XCBuildConfiguration;
			buildSettings = {
				BUNDLE_LOADER = "$(BUILT_PRODUCTS_DIR)/RocReport.app/RocReport";
				FRAMEWORK_SEARCH_PATHS = (
					"$(SDKROOT)/Developer/Library/Frameworks",
					"$(inherited)",
					"$(DEVELOPER_FRAMEWORKS_DIR)",
				);
				GCC_PRECOMPILE_PREFIX_HEADER = YES;
				GCC_PREFIX_HEADER = "RocReport/RocReport-Prefix.pch";
				INFOPLIST_FILE = "RocReportTests/RocReportTests-Info.plist";
				PRODUCT_NAME = "$(TARGET_NAME)";
				TEST_HOST = "$(BUNDLE_LOADER)";
				WRAPPER_EXTENSION = xctest;
			};
			name = Release;
		};
/* End XCBuildConfiguration section */

/* Begin XCConfigurationList section */
		A57A31F518E7CE27000AEA13 /* Build configuration list for PBXProject "RocReport" */ = {
			isa = XCConfigurationList;
			buildConfigurations = (
				A57A322A18E7CE28000AEA13 /* Debug */,
				A57A322B18E7CE28000AEA13 /* Release */,
			);
			defaultConfigurationIsVisible = 0;
			defaultConfigurationName = Release;
		};
		A57A322C18E7CE28000AEA13 /* Build configuration list for PBXNativeTarget "RocReport" */ = {
			isa = XCConfigurationList;
			buildConfigurations = (
				A57A322D18E7CE28000AEA13 /* Debug */,
				A57A322E18E7CE28000AEA13 /* Release */,
			);
			defaultConfigurationIsVisible = 0;
			defaultConfigurationName = Release;
		};
		A57A322F18E7CE28000AEA13 /* Build configuration list for PBXNativeTarget "RocReportTests" */ = {
			isa = XCConfigurationList;
			buildConfigurations = (
				A57A323018E7CE28000AEA13 /* Debug */,
				A57A323118E7CE28000AEA13 /* Release */,
			);
			defaultConfigurationIsVisible = 0;
			defaultConfigurationName = Release;
		};
/* End XCConfigurationList section */
	};
	rootObject = A57A31F218E7CE27000AEA13 /* Project object */;
}
